
Microsoft Visual Studio Solution File, Format Version 12.00
# Visual Studio Version 17
VisualStudioVersion = 17.4.33122.133
MinimumVisualStudioVersion = 10.0.40219.1
Project("{FAE04EC0-301F-11D3-BF4B-00C04F79EFBC}") = "DATN", "DATN\DATN.csproj", "{C9E076F6-7119-4625-9EF0-CB67B7567120}"
EndProject
Global
	GlobalSection(SolutionConfigurationPlatforms) = preSolution
		Debug|Any CPU = Debug|Any CPU
		Release|Any CPU = Release|Any CPU
	EndGlobalSection
	GlobalSection(ProjectConfigurationPlatforms) = postSolution
		{C9E076F6-7119-4625-9EF0-CB67B7567120}.Debug|Any CPU.ActiveCfg = Debug|Any CPU
		{C9E076F6-7119-4625-9EF0-CB67B7567120}.Debug|Any CPU.Build.0 = Debug|Any CPU
		{C9E076F6-7119-4625-9EF0-CB67B7567120}.Release|Any CPU.ActiveCfg = Release|Any CPU
		{C9E076F6-7119-4625-9EF0-CB67B7567120}.Release|Any CPU.Build.0 = Release|Any CPU
	EndGlobalSection
	GlobalSection(SolutionProperties) = preSolution
		HideSolutionNode = FALSE
	EndGlobalSection
	GlobalSection(ExtensibilityGlobals) = postSolution
		SolutionGuid = {838AB4E4-E1EA-4793-8E97-06F93DA868B2}
	EndGlobalSection
EndGlobal
